
Microsoft Visual Studio Solution File, Format Version 12.00
# Visual Studio Version 17
VisualStudioVersion = 17.3.32804.467
MinimumVisualStudioVersion = 10.0.40219.1
Project("{9A19103F-16F7-4668-BE54-9A1E7A4F7556}") = "LaptopStoreAPI", "LaptopStoreAPI\LaptopStoreAPI.csproj", "{257F394E-2CC5-47CD-AC55-9AB4355C3B6B}"
EndProject
Project("{9A19103F-16F7-4668-BE54-9A1E7A4F7556}") = "LaptopStore.Data", "LaptopStore.Data\LaptopStore.Data.csproj", "{74CFB406-1F8A-4787-82EC-283F3B620859}"
EndProject
Project("{9A19103F-16F7-4668-BE54-9A1E7A4F7556}") = "LaptopStore.Service", "LaptopStore.Service\LaptopStore.Service.csproj", "{31FB805B-20AD-4C9B-A016-040358E799FF}"
EndProject
Project("{9A19103F-16F7-4668-BE54-9A1E7A4F7556}") = "LaptopStore.MoMo", "LatopStore.MoMo\LaptopStore.MoMo.csproj", "{B27ADBFE-CD4B-4617-8A31-E3926D51BEC3}"
EndProject
Global
	GlobalSection(SolutionConfigurationPlatforms) = preSolution
		Debug|Any CPU = Debug|Any CPU
		Release|Any CPU = Release|Any CPU
	EndGlobalSection
	GlobalSection(ProjectConfigurationPlatforms) = postSolution
		{257F394E-2CC5-47CD-AC55-9AB4355C3B6B}.Debug|Any CPU.ActiveCfg = Debug|Any CPU
		{257F394E-2CC5-47CD-AC55-9AB4355C3B6B}.Debug|Any CPU.Build.0 = Debug|Any CPU
		{257F394E-2CC5-47CD-AC55-9AB4355C3B6B}.Release|Any CPU.ActiveCfg = Release|Any CPU
		{257F394E-2CC5-47CD-AC55-9AB4355C3B6B}.Release|Any CPU.Build.0 = Release|Any CPU
		{74CFB406-1F8A-4787-82EC-283F3B620859}.Debug|Any CPU.ActiveCfg = Debug|Any CPU
		{74CFB406-1F8A-4787-82EC-283F3B620859}.Debug|Any CPU.Build.0 = Debug|Any CPU
		{74CFB406-1F8A-4787-82EC-283F3B620859}.Release|Any CPU.ActiveCfg = Release|Any CPU
		{74CFB406-1F8A-4787-82EC-283F3B620859}.Release|Any CPU.Build.0 = Release|Any CPU
		{31FB805B-20AD-4C9B-A016-040358E799FF}.Debug|Any CPU.ActiveCfg = Debug|Any CPU
		{31FB805B-20AD-4C9B-A016-040358E799FF}.Debug|Any CPU.Build.0 = Debug|Any CPU
		{31FB805B-20AD-4C9B-A016-040358E799FF}.Release|Any CPU.ActiveCfg = Release|Any CPU
		{31FB805B-20AD-4C9B-A016-040358E799FF}.Release|Any CPU.Build.0 = Release|Any CPU
		{B27ADBFE-CD4B-4617-8A31-E3926D51BEC3}.Debug|Any CPU.ActiveCfg = Debug|Any CPU
		{B27ADBFE-CD4B-4617-8A31-E3926D51BEC3}.Debug|Any CPU.Build.0 = Debug|Any CPU
		{B27ADBFE-CD4B-4617-8A31-E3926D51BEC3}.Release|Any CPU.ActiveCfg = Release|Any CPU
		{B27ADBFE-CD4B-4617-8A31-E3926D51BEC3}.Release|Any CPU.Build.0 = Release|Any CPU
	EndGlobalSection
	GlobalSection(SolutionProperties) = preSolution
		HideSolutionNode = FALSE
	EndGlobalSection
	GlobalSection(ExtensibilityGlobals) = postSolution
		SolutionGuid = {99D549C6-B092-4580-B6E1-E7B434C58508}
	EndGlobalSection
EndGlobal
